
Microsoft Visual Studio Solution File, Format Version 12.00
# Visual Studio Version 17
VisualStudioVersion = 17.7.34024.191
MinimumVisualStudioVersion = 10.0.40219.1
Project("{FAE04EC0-301F-11D3-BF4B-00C04F79EFBC}") = "RestApiAutomationTraining", "RestApiAutomationTraining.csproj", "{094D1FF0-C82B-4AEC-9845-65FBC2894065}"
EndProject
Global
	GlobalSection(SolutionConfigurationPlatforms) = preSolution
		Debug|Any CPU = Debug|Any CPU
		Release|Any CPU = Release|Any CPU
	EndGlobalSection
	GlobalSection(ProjectConfigurationPlatforms) = postSolution
		{094D1FF0-C82B-4AEC-9845-65FBC2894065}.Debug|Any CPU.ActiveCfg = Debug|Any CPU
		{094D1FF0-C82B-4AEC-9845-65FBC2894065}.Debug|Any CPU.Build.0 = Debug|Any CPU
		{094D1FF0-C82B-4AEC-9845-65FBC2894065}.Release|Any CPU.ActiveCfg = Release|Any CPU
		{094D1FF0-C82B-4AEC-9845-65FBC2894065}.Release|Any CPU.Build.0 = Release|Any CPU
	EndGlobalSection
	GlobalSection(SolutionProperties) = preSolution
		HideSolutionNode = FALSE
	EndGlobalSection
	GlobalSection(ExtensibilityGlobals) = postSolution
		SolutionGuid = {40BD54A6-191F-4A9F-8F40-D0A218D80728}
	EndGlobalSection
EndGlobal
